
Microsoft Visual Studio Solution File, Format Version 12.00
# Visual Studio Version 17
VisualStudioVersion = 17.12.35527.113 d17.12
MinimumVisualStudioVersion = 10.0.40219.1
Project("{FAE04EC0-301F-11D3-BF4B-00C04F79EFBC}") = "Project.Server", "Project.Server\Project.Server.csproj", "{5F38D056-7577-45A8-8995-0F4F0A5AB2F1}"
EndProject
Project("{54A90642-561A-4BB1-A94E-469ADEE60C69}") = "project.client", "project.client\project.client.esproj", "{AD556601-873B-4610-ADD4-6AA78C6D46FA}"
EndProject
Global
	GlobalSection(SolutionConfigurationPlatforms) = preSolution
		Debug|Any CPU = Debug|Any CPU
		Release|Any CPU = Release|Any CPU
	EndGlobalSection
	GlobalSection(ProjectConfigurationPlatforms) = postSolution
		{5F38D056-7577-45A8-8995-0F4F0A5AB2F1}.Debug|Any CPU.ActiveCfg = Debug|Any CPU
		{5F38D056-7577-45A8-8995-0F4F0A5AB2F1}.Debug|Any CPU.Build.0 = Debug|Any CPU
		{5F38D056-7577-45A8-8995-0F4F0A5AB2F1}.Release|Any CPU.ActiveCfg = Release|Any CPU
		{5F38D056-7577-45A8-8995-0F4F0A5AB2F1}.Release|Any CPU.Build.0 = Release|Any CPU
		{AD556601-873B-4610-ADD4-6AA78C6D46FA}.Debug|Any CPU.ActiveCfg = Debug|Any CPU
		{AD556601-873B-4610-ADD4-6AA78C6D46FA}.Debug|Any CPU.Build.0 = Debug|Any CPU
		{AD556601-873B-4610-ADD4-6AA78C6D46FA}.Debug|Any CPU.Deploy.0 = Debug|Any CPU
		{AD556601-873B-4610-ADD4-6AA78C6D46FA}.Release|Any CPU.ActiveCfg = Release|Any CPU
		{AD556601-873B-4610-ADD4-6AA78C6D46FA}.Release|Any CPU.Build.0 = Release|Any CPU
		{AD556601-873B-4610-ADD4-6AA78C6D46FA}.Release|Any CPU.Deploy.0 = Release|Any CPU
	EndGlobalSection
	GlobalSection(SolutionProperties) = preSolution
		HideSolutionNode = FALSE
	EndGlobalSection
EndGlobal
